
Microsoft Visual Studio Solution File, Format Version 12.00
# Visual Studio Version 17
VisualStudioVersion = 17.1.32328.378
MinimumVisualStudioVersion = 10.0.40219.1
Project("{FAE04EC0-301F-11D3-BF4B-00C04F79EFBC}") = "CoffeeShop", "CoffeeShop\CoffeeShop.csproj", "{201B5F00-D82C-404E-AB92-B51C3E5433E2}"
EndProject
Global
	GlobalSection(SolutionConfigurationPlatforms) = preSolution
		Debug|Any CPU = Debug|Any CPU
		Release|Any CPU = Release|Any CPU
	EndGlobalSection
	GlobalSection(ProjectConfigurationPlatforms) = postSolution
		{201B5F00-D82C-404E-AB92-B51C3E5433E2}.Debug|Any CPU.ActiveCfg = Debug|Any CPU
		{201B5F00-D82C-404E-AB92-B51C3E5433E2}.Debug|Any CPU.Build.0 = Debug|Any CPU
		{201B5F00-D82C-404E-AB92-B51C3E5433E2}.Release|Any CPU.ActiveCfg = Release|Any CPU
		{201B5F00-D82C-404E-AB92-B51C3E5433E2}.Release|Any CPU.Build.0 = Release|Any CPU
	EndGlobalSection
	GlobalSection(SolutionProperties) = preSolution
		HideSolutionNode = FALSE
	EndGlobalSection
	GlobalSection(ExtensibilityGlobals) = postSolution
		SolutionGuid = {EDF38171-90D9-436C-82DA-505235DE6285}
	EndGlobalSection
EndGlobal
